{
  "requires": true,
  "lockfileVersion": 1,
  "dependencies": {
    "@svg-maps/tunisia": {
      "version": "1.0.0",
      "resolved": "https://registry.npmjs.org/@svg-maps/tunisia/-/tunisia-1.0.0.tgz",
      "integrity": "sha512-SUBRLY5KUZ9KQbauOUNJ3j3b2qSp4mUfK9T0My+tiAO4c5BjlOfZUhV4pGWIOr8lSspPW35eqHPV2u/1x5ylnQ=="
    }
  }
}
